
Microsoft Visual Studio Solution File, Format Version 11.00
# Visual Studio 2010
Project("{FAE04EC0-301F-11D3-BF4B-00C04F79EFBC}") = "Assembly-CSharp", "Assembly-CSharp.csproj", "{291E41F5-4732-CEDB-A917-6516FA58CC33}"
EndProject
Project("{FAE04EC0-301F-11D3-BF4B-00C04F79EFBC}") = "Assembly-CSharp-Editor", "Assembly-CSharp-Editor.csproj", "{D3798985-5253-D7CB-9C18-634FABBD73CB}"
EndProject
Global
	GlobalSection(SolutionConfigurationPlatforms) = preSolution
		Debug|Any CPU = Debug|Any CPU
		Release|Any CPU = Release|Any CPU
	EndGlobalSection
	GlobalSection(ProjectConfigurationPlatforms) = postSolution
		{291E41F5-4732-CEDB-A917-6516FA58CC33}.Debug|Any CPU.ActiveCfg = Debug|Any CPU
		{291E41F5-4732-CEDB-A917-6516FA58CC33}.Debug|Any CPU.Build.0 = Debug|Any CPU
		{291E41F5-4732-CEDB-A917-6516FA58CC33}.Release|Any CPU.ActiveCfg = Release|Any CPU
		{291E41F5-4732-CEDB-A917-6516FA58CC33}.Release|Any CPU.Build.0 = Release|Any CPU
		{D3798985-5253-D7CB-9C18-634FABBD73CB}.Debug|Any CPU.ActiveCfg = Debug|Any CPU
		{D3798985-5253-D7CB-9C18-634FABBD73CB}.Debug|Any CPU.Build.0 = Debug|Any CPU
		{D3798985-5253-D7CB-9C18-634FABBD73CB}.Release|Any CPU.ActiveCfg = Release|Any CPU
		{D3798985-5253-D7CB-9C18-634FABBD73CB}.Release|Any CPU.Build.0 = Release|Any CPU
	EndGlobalSection
	GlobalSection(SolutionProperties) = preSolution
		HideSolutionNode = FALSE
	EndGlobalSection
EndGlobal
